
Microsoft Visual Studio Solution File, Format Version 12.00
# Visual Studio 15
VisualStudioVersion = 15.0.28307.421
MinimumVisualStudioVersion = 10.0.40219.1
Project("{FAE04EC0-301F-11D3-BF4B-00C04F79EFBC}") = "DiffWit", "DiffWit\DiffWit.csproj", "{CEA29DC6-CA9E-433A-BB23-E5DCB70EA070}"
EndProject
Project("{9A19103F-16F7-4668-BE54-9A1E7A4F7556}") = "TextEditor.Test.Unit", "TextEditor.Test.Unit\TextEditor.Test.Unit.csproj", "{B6E264DB-273E-43D5-BB89-DAA523BB60BB}"
EndProject
Project("{9A19103F-16F7-4668-BE54-9A1E7A4F7556}") = "TextEditor", "TextEditor\TextEditor.csproj", "{69E239C8-D8B0-4A2B-9621-626E28C50B9B}"
EndProject
Global
	GlobalSection(SolutionConfigurationPlatforms) = preSolution
		Debug|Any CPU = Debug|Any CPU
		Debug|ARM = Debug|ARM
		Debug|ARM64 = Debug|ARM64
		Debug|x64 = Debug|x64
		Debug|x86 = Debug|x86
		Release|Any CPU = Release|Any CPU
		Release|ARM = Release|ARM
		Release|ARM64 = Release|ARM64
		Release|x64 = Release|x64
		Release|x86 = Release|x86
	EndGlobalSection
	GlobalSection(ProjectConfigurationPlatforms) = postSolution
		{CEA29DC6-CA9E-433A-BB23-E5DCB70EA070}.Debug|Any CPU.ActiveCfg = Debug|x86
		{CEA29DC6-CA9E-433A-BB23-E5DCB70EA070}.Debug|ARM.ActiveCfg = Debug|ARM
		{CEA29DC6-CA9E-433A-BB23-E5DCB70EA070}.Debug|ARM.Build.0 = Debug|ARM
		{CEA29DC6-CA9E-433A-BB23-E5DCB70EA070}.Debug|ARM.Deploy.0 = Debug|ARM
		{CEA29DC6-CA9E-433A-BB23-E5DCB70EA070}.Debug|ARM64.ActiveCfg = Debug|ARM64
		{CEA29DC6-CA9E-433A-BB23-E5DCB70EA070}.Debug|ARM64.Build.0 = Debug|ARM64
		{CEA29DC6-CA9E-433A-BB23-E5DCB70EA070}.Debug|ARM64.Deploy.0 = Debug|ARM64
		{CEA29DC6-CA9E-433A-BB23-E5DCB70EA070}.Debug|x64.ActiveCfg = Debug|x64
		{CEA29DC6-CA9E-433A-BB23-E5DCB70EA070}.Debug|x64.Build.0 = Debug|x64
		{CEA29DC6-CA9E-433A-BB23-E5DCB70EA070}.Debug|x64.Deploy.0 = Debug|x64
		{CEA29DC6-CA9E-433A-BB23-E5DCB70EA070}.Debug|x86.ActiveCfg = Debug|x86
		{CEA29DC6-CA9E-433A-BB23-E5DCB70EA070}.Debug|x86.Build.0 = Debug|x86
		{CEA29DC6-CA9E-433A-BB23-E5DCB70EA070}.Debug|x86.Deploy.0 = Debug|x86
		{CEA29DC6-CA9E-433A-BB23-E5DCB70EA070}.Release|Any CPU.ActiveCfg = Release|x86
		{CEA29DC6-CA9E-433A-BB23-E5DCB70EA070}.Release|ARM.ActiveCfg = Release|ARM
		{CEA29DC6-CA9E-433A-BB23-E5DCB70EA070}.Release|ARM.Build.0 = Release|ARM
		{CEA29DC6-CA9E-433A-BB23-E5DCB70EA070}.Release|ARM.Deploy.0 = Release|ARM
		{CEA29DC6-CA9E-433A-BB23-E5DCB70EA070}.Release|ARM64.ActiveCfg = Release|ARM64
		{CEA29DC6-CA9E-433A-BB23-E5DCB70EA070}.Release|ARM64.Build.0 = Release|ARM64
		{CEA29DC6-CA9E-433A-BB23-E5DCB70EA070}.Release|ARM64.Deploy.0 = Release|ARM64
		{CEA29DC6-CA9E-433A-BB23-E5DCB70EA070}.Release|x64.ActiveCfg = Release|x64
		{CEA29DC6-CA9E-433A-BB23-E5DCB70EA070}.Release|x64.Build.0 = Release|x64
		{CEA29DC6-CA9E-433A-BB23-E5DCB70EA070}.Release|x64.Deploy.0 = Release|x64
		{CEA29DC6-CA9E-433A-BB23-E5DCB70EA070}.Release|x86.ActiveCfg = Release|x86
		{CEA29DC6-CA9E-433A-BB23-E5DCB70EA070}.Release|x86.Build.0 = Release|x86
		{CEA29DC6-CA9E-433A-BB23-E5DCB70EA070}.Release|x86.Deploy.0 = Release|x86
		{B6E264DB-273E-43D5-BB89-DAA523BB60BB}.Debug|Any CPU.ActiveCfg = Debug|Any CPU
		{B6E264DB-273E-43D5-BB89-DAA523BB60BB}.Debug|Any CPU.Build.0 = Debug|Any CPU
		{B6E264DB-273E-43D5-BB89-DAA523BB60BB}.Debug|ARM.ActiveCfg = Debug|Any CPU
		{B6E264DB-273E-43D5-BB89-DAA523BB60BB}.Debug|ARM.Build.0 = Debug|Any CPU
		{B6E264DB-273E-43D5-BB89-DAA523BB60BB}.Debug|ARM64.ActiveCfg = Debug|Any CPU
		{B6E264DB-273E-43D5-BB89-DAA523BB60BB}.Debug|ARM64.Build.0 = Debug|Any CPU
		{B6E264DB-273E-43D5-BB89-DAA523BB60BB}.Debug|x64.ActiveCfg = Debug|Any CPU
		{B6E264DB-273E-43D5-BB89-DAA523BB60BB}.Debug|x64.Build.0 = Debug|Any CPU
		{B6E264DB-273E-43D5-BB89-DAA523BB60BB}.Debug|x86.ActiveCfg = Debug|Any CPU
		{B6E264DB-273E-43D5-BB89-DAA523BB60BB}.Debug|x86.Build.0 = Debug|Any CPU
		{B6E264DB-273E-43D5-BB89-DAA523BB60BB}.Release|Any CPU.ActiveCfg = Release|Any CPU
		{B6E264DB-273E-43D5-BB89-DAA523BB60BB}.Release|Any CPU.Build.0 = Release|Any CPU
		{B6E264DB-273E-43D5-BB89-DAA523BB60BB}.Release|ARM.ActiveCfg = Release|Any CPU
		{B6E264DB-273E-43D5-BB89-DAA523BB60BB}.Release|ARM.Build.0 = Release|Any CPU
		{B6E264DB-273E-43D5-BB89-DAA523BB60BB}.Release|ARM64.ActiveCfg = Release|Any CPU
		{B6E264DB-273E-43D5-BB89-DAA523BB60BB}.Release|ARM64.Build.0 = Release|Any CPU
		{B6E264DB-273E-43D5-BB89-DAA523BB60BB}.Release|x64.ActiveCfg = Release|Any CPU
		{B6E264DB-273E-43D5-BB89-DAA523BB60BB}.Release|x64.Build.0 = Release|Any CPU
		{B6E264DB-273E-43D5-BB89-DAA523BB60BB}.Release|x86.ActiveCfg = Release|Any CPU
		{B6E264DB-273E-43D5-BB89-DAA523BB60BB}.Release|x86.Build.0 = Release|Any CPU
		{69E239C8-D8B0-4A2B-9621-626E28C50B9B}.Debug|Any CPU.ActiveCfg = Debug|Any CPU
		{69E239C8-D8B0-4A2B-9621-626E28C50B9B}.Debug|Any CPU.Build.0 = Debug|Any CPU
		{69E239C8-D8B0-4A2B-9621-626E28C50B9B}.Debug|ARM.ActiveCfg = Debug|Any CPU
		{69E239C8-D8B0-4A2B-9621-626E28C50B9B}.Debug|ARM.Build.0 = Debug|Any CPU
		{69E239C8-D8B0-4A2B-9621-626E28C50B9B}.Debug|ARM64.ActiveCfg = Debug|Any CPU
		{69E239C8-D8B0-4A2B-9621-626E28C50B9B}.Debug|ARM64.Build.0 = Debug|Any CPU
		{69E239C8-D8B0-4A2B-9621-626E28C50B9B}.Debug|x64.ActiveCfg = Debug|Any CPU
		{69E239C8-D8B0-4A2B-9621-626E28C50B9B}.Debug|x64.Build.0 = Debug|Any CPU
		{69E239C8-D8B0-4A2B-9621-626E28C50B9B}.Debug|x86.ActiveCfg = Debug|Any CPU
		{69E239C8-D8B0-4A2B-9621-626E28C50B9B}.Debug|x86.Build.0 = Debug|Any CPU
		{69E239C8-D8B0-4A2B-9621-626E28C50B9B}.Release|Any CPU.ActiveCfg = Release|Any CPU
		{69E239C8-D8B0-4A2B-9621-626E28C50B9B}.Release|Any CPU.Build.0 = Release|Any CPU
		{69E239C8-D8B0-4A2B-9621-626E28C50B9B}.Release|ARM.ActiveCfg = Release|Any CPU
		{69E239C8-D8B0-4A2B-9621-626E28C50B9B}.Release|ARM.Build.0 = Release|Any CPU
		{69E239C8-D8B0-4A2B-9621-626E28C50B9B}.Release|ARM64.ActiveCfg = Release|Any CPU
		{69E239C8-D8B0-4A2B-9621-626E28C50B9B}.Release|ARM64.Build.0 = Release|Any CPU
		{69E239C8-D8B0-4A2B-9621-626E28C50B9B}.Release|x64.ActiveCfg = Release|Any CPU
		{69E239C8-D8B0-4A2B-9621-626E28C50B9B}.Release|x64.Build.0 = Release|Any CPU
		{69E239C8-D8B0-4A2B-9621-626E28C50B9B}.Release|x86.ActiveCfg = Release|Any CPU
		{69E239C8-D8B0-4A2B-9621-626E28C50B9B}.Release|x86.Build.0 = Release|Any CPU
	EndGlobalSection
	GlobalSection(SolutionProperties) = preSolution
		HideSolutionNode = FALSE
	EndGlobalSection
	GlobalSection(ExtensibilityGlobals) = postSolution
		SolutionGuid = {81CB0540-D387-4010-BF77-B452DEB05B1F}
	EndGlobalSection
EndGlobal
